
Microsoft Visual Studio Solution File, Format Version 12.00
# Visual Studio Version 17
VisualStudioVersion = 17.0.31903.59
MinimumVisualStudioVersion = 10.0.40219.1
Project("{9A19103F-16F7-4668-BE54-9A1E7A4F7556}") = "Pipeliner", "Pipeliner\Pipeliner.csproj", "{B0924EC5-8F95-4BE0-885E-D5EE2D020E45}"
EndProject
Project("{9A19103F-16F7-4668-BE54-9A1E7A4F7556}") = "Pipeliner.Data", "Pipeliner.Data\Pipeliner.Data.csproj", "{5CA02D7B-D1C0-42BC-81AE-152C21F453EB}"
EndProject
Project("{9A19103F-16F7-4668-BE54-9A1E7A4F7556}") = "Pipeliner.Csv", "Pipeliner.Csv\Pipeliner.Csv.csproj", "{A5261826-A6B4-4F9F-8ECE-70A594FC17DB}"
EndProject
Project("{9A19103F-16F7-4668-BE54-9A1E7A4F7556}") = "Pipeliner.Mongo", "Pipeliner.Mongo\Pipeliner.Mongo.csproj", "{5CA06D8D-E0D5-430B-919A-29948C4B905A}"
EndProject
Project("{9A19103F-16F7-4668-BE54-9A1E7A4F7556}") = "Pipeliner.Sql", "Pipeliner.Sql\Pipeliner.Sql.csproj", "{A8B70214-7FC2-4DB0-9ED5-EAED3A0A6962}"
EndProject
Global
	GlobalSection(SolutionConfigurationPlatforms) = preSolution
		Debug|Any CPU = Debug|Any CPU
		Release|Any CPU = Release|Any CPU
	EndGlobalSection
	GlobalSection(ProjectConfigurationPlatforms) = postSolution
		{B0924EC5-8F95-4BE0-885E-D5EE2D020E45}.Debug|Any CPU.ActiveCfg = Debug|Any CPU
		{B0924EC5-8F95-4BE0-885E-D5EE2D020E45}.Debug|Any CPU.Build.0 = Debug|Any CPU
		{B0924EC5-8F95-4BE0-885E-D5EE2D020E45}.Release|Any CPU.ActiveCfg = Release|Any CPU
		{B0924EC5-8F95-4BE0-885E-D5EE2D020E45}.Release|Any CPU.Build.0 = Release|Any CPU
		{5CA02D7B-D1C0-42BC-81AE-152C21F453EB}.Debug|Any CPU.ActiveCfg = Debug|Any CPU
		{5CA02D7B-D1C0-42BC-81AE-152C21F453EB}.Debug|Any CPU.Build.0 = Debug|Any CPU
		{5CA02D7B-D1C0-42BC-81AE-152C21F453EB}.Release|Any CPU.ActiveCfg = Release|Any CPU
		{5CA02D7B-D1C0-42BC-81AE-152C21F453EB}.Release|Any CPU.Build.0 = Release|Any CPU
		{A5261826-A6B4-4F9F-8ECE-70A594FC17DB}.Debug|Any CPU.ActiveCfg = Debug|Any CPU
		{A5261826-A6B4-4F9F-8ECE-70A594FC17DB}.Debug|Any CPU.Build.0 = Debug|Any CPU
		{A5261826-A6B4-4F9F-8ECE-70A594FC17DB}.Release|Any CPU.ActiveCfg = Release|Any CPU
		{A5261826-A6B4-4F9F-8ECE-70A594FC17DB}.Release|Any CPU.Build.0 = Release|Any CPU
		{5CA06D8D-E0D5-430B-919A-29948C4B905A}.Debug|Any CPU.ActiveCfg = Debug|Any CPU
		{5CA06D8D-E0D5-430B-919A-29948C4B905A}.Debug|Any CPU.Build.0 = Debug|Any CPU
		{5CA06D8D-E0D5-430B-919A-29948C4B905A}.Release|Any CPU.ActiveCfg = Release|Any CPU
		{5CA06D8D-E0D5-430B-919A-29948C4B905A}.Release|Any CPU.Build.0 = Release|Any CPU
		{A8B70214-7FC2-4DB0-9ED5-EAED3A0A6962}.Debug|Any CPU.ActiveCfg = Debug|Any CPU
		{A8B70214-7FC2-4DB0-9ED5-EAED3A0A6962}.Debug|Any CPU.Build.0 = Debug|Any CPU
		{A8B70214-7FC2-4DB0-9ED5-EAED3A0A6962}.Release|Any CPU.ActiveCfg = Release|Any CPU
		{A8B70214-7FC2-4DB0-9ED5-EAED3A0A6962}.Release|Any CPU.Build.0 = Release|Any CPU
	EndGlobalSection
	GlobalSection(SolutionProperties) = preSolution
		HideSolutionNode = FALSE
	EndGlobalSection
	GlobalSection(ExtensibilityGlobals) = postSolution
		SolutionGuid = {8A06813D-9C2D-48E3-9090-9AE73071180E}
	EndGlobalSection
EndGlobal
